
Microsoft Visual Studio Solution File, Format Version 12.00
# Visual Studio 15
VisualStudioVersion = 15.0.28010.2003
MinimumVisualStudioVersion = 10.0.40219.1
Project("{FAE04EC0-301F-11D3-BF4B-00C04F79EFBC}") = "DBEFModel", "DBEFModel\DBEFModel.csproj", "{2085C301-1937-484E-AA73-5E84A59B9FA8}"
EndProject
Project("{FAE04EC0-301F-11D3-BF4B-00C04F79EFBC}") = "Platform.Infrastructure", "Platform.Infrastructure\Platform.Infrastructure.csproj", "{61010E6C-0CE1-400A-8288-3DF66D73FC64}"
EndProject
Project("{FAE04EC0-301F-11D3-BF4B-00C04F79EFBC}") = "Platform.Core", "Platform.Core\Platform.Core.csproj", "{E223B105-E095-4195-929E-7C670D83BBDE}"
EndProject
Project("{FAE04EC0-301F-11D3-BF4B-00C04F79EFBC}") = "Platform.Common", "Platform.common\Platform.Common.csproj", "{5E7F7ADA-1B01-43F5-9948-9B5AFBA5B5F6}"
EndProject
Project("{FAE04EC0-301F-11D3-BF4B-00C04F79EFBC}") = "Platform.UnitTest", "PlatformUnitTest\Platform.UnitTest.csproj", "{601340D3-347B-44DF-8F84-A2A2C5BFE245}"
EndProject
Project("{FAE04EC0-301F-11D3-BF4B-00C04F79EFBC}") = "Platform.Infrastructure.User", "Platform.Infrastructure.User\Platform.Infrastructure.User.csproj", "{92043965-E408-4C49-A6A5-2BC042E75ECD}"
EndProject
Project("{FAE04EC0-301F-11D3-BF4B-00C04F79EFBC}") = "Platform.Service.User", "Platform.Service.User\Platform.Service.User.csproj", "{1AF30429-3348-41BE-9618-D0CA388B33FC}"
EndProject
Project("{FAE04EC0-301F-11D3-BF4B-00C04F79EFBC}") = "WebPlatform.Client", "WebPlatform.Client\WebPlatform.Client.csproj", "{1E35478D-8A01-45CD-A1D1-F6E51A4A0F2B}"
EndProject
Global
	GlobalSection(SolutionConfigurationPlatforms) = preSolution
		Debug|Any CPU = Debug|Any CPU
		Debug|ARM = Debug|ARM
		Debug|x64 = Debug|x64
		Debug|x86 = Debug|x86
		Release|Any CPU = Release|Any CPU
		Release|ARM = Release|ARM
		Release|x64 = Release|x64
		Release|x86 = Release|x86
	EndGlobalSection
	GlobalSection(ProjectConfigurationPlatforms) = postSolution
		{2085C301-1937-484E-AA73-5E84A59B9FA8}.Debug|Any CPU.ActiveCfg = Debug|Any CPU
		{2085C301-1937-484E-AA73-5E84A59B9FA8}.Debug|Any CPU.Build.0 = Debug|Any CPU
		{2085C301-1937-484E-AA73-5E84A59B9FA8}.Debug|ARM.ActiveCfg = Debug|Any CPU
		{2085C301-1937-484E-AA73-5E84A59B9FA8}.Debug|ARM.Build.0 = Debug|Any CPU
		{2085C301-1937-484E-AA73-5E84A59B9FA8}.Debug|x64.ActiveCfg = Debug|Any CPU
		{2085C301-1937-484E-AA73-5E84A59B9FA8}.Debug|x64.Build.0 = Debug|Any CPU
		{2085C301-1937-484E-AA73-5E84A59B9FA8}.Debug|x86.ActiveCfg = Debug|Any CPU
		{2085C301-1937-484E-AA73-5E84A59B9FA8}.Debug|x86.Build.0 = Debug|Any CPU
		{2085C301-1937-484E-AA73-5E84A59B9FA8}.Release|Any CPU.ActiveCfg = Release|Any CPU
		{2085C301-1937-484E-AA73-5E84A59B9FA8}.Release|Any CPU.Build.0 = Release|Any CPU
		{2085C301-1937-484E-AA73-5E84A59B9FA8}.Release|ARM.ActiveCfg = Release|Any CPU
		{2085C301-1937-484E-AA73-5E84A59B9FA8}.Release|ARM.Build.0 = Release|Any CPU
		{2085C301-1937-484E-AA73-5E84A59B9FA8}.Release|x64.ActiveCfg = Release|Any CPU
		{2085C301-1937-484E-AA73-5E84A59B9FA8}.Release|x64.Build.0 = Release|Any CPU
		{2085C301-1937-484E-AA73-5E84A59B9FA8}.Release|x86.ActiveCfg = Release|Any CPU
		{2085C301-1937-484E-AA73-5E84A59B9FA8}.Release|x86.Build.0 = Release|Any CPU
		{61010E6C-0CE1-400A-8288-3DF66D73FC64}.Debug|Any CPU.ActiveCfg = Debug|Any CPU
		{61010E6C-0CE1-400A-8288-3DF66D73FC64}.Debug|Any CPU.Build.0 = Debug|Any CPU
		{61010E6C-0CE1-400A-8288-3DF66D73FC64}.Debug|ARM.ActiveCfg = Debug|Any CPU
		{61010E6C-0CE1-400A-8288-3DF66D73FC64}.Debug|ARM.Build.0 = Debug|Any CPU
		{61010E6C-0CE1-400A-8288-3DF66D73FC64}.Debug|x64.ActiveCfg = Debug|Any CPU
		{61010E6C-0CE1-400A-8288-3DF66D73FC64}.Debug|x64.Build.0 = Debug|Any CPU
		{61010E6C-0CE1-400A-8288-3DF66D73FC64}.Debug|x86.ActiveCfg = Debug|Any CPU
		{61010E6C-0CE1-400A-8288-3DF66D73FC64}.Debug|x86.Build.0 = Debug|Any CPU
		{61010E6C-0CE1-400A-8288-3DF66D73FC64}.Release|Any CPU.ActiveCfg = Release|Any CPU
		{61010E6C-0CE1-400A-8288-3DF66D73FC64}.Release|Any CPU.Build.0 = Release|Any CPU
		{61010E6C-0CE1-400A-8288-3DF66D73FC64}.Release|ARM.ActiveCfg = Release|Any CPU
		{61010E6C-0CE1-400A-8288-3DF66D73FC64}.Release|ARM.Build.0 = Release|Any CPU
		{61010E6C-0CE1-400A-8288-3DF66D73FC64}.Release|x64.ActiveCfg = Release|Any CPU
		{61010E6C-0CE1-400A-8288-3DF66D73FC64}.Release|x64.Build.0 = Release|Any CPU
		{61010E6C-0CE1-400A-8288-3DF66D73FC64}.Release|x86.ActiveCfg = Release|Any CPU
		{61010E6C-0CE1-400A-8288-3DF66D73FC64}.Release|x86.Build.0 = Release|Any CPU
		{E223B105-E095-4195-929E-7C670D83BBDE}.Debug|Any CPU.ActiveCfg = Debug|Any CPU
		{E223B105-E095-4195-929E-7C670D83BBDE}.Debug|Any CPU.Build.0 = Debug|Any CPU
		{E223B105-E095-4195-929E-7C670D83BBDE}.Debug|ARM.ActiveCfg = Debug|Any CPU
		{E223B105-E095-4195-929E-7C670D83BBDE}.Debug|ARM.Build.0 = Debug|Any CPU
		{E223B105-E095-4195-929E-7C670D83BBDE}.Debug|x64.ActiveCfg = Debug|Any CPU
		{E223B105-E095-4195-929E-7C670D83BBDE}.Debug|x64.Build.0 = Debug|Any CPU
		{E223B105-E095-4195-929E-7C670D83BBDE}.Debug|x86.ActiveCfg = Debug|Any CPU
		{E223B105-E095-4195-929E-7C670D83BBDE}.Debug|x86.Build.0 = Debug|Any CPU
		{E223B105-E095-4195-929E-7C670D83BBDE}.Release|Any CPU.ActiveCfg = Release|Any CPU
		{E223B105-E095-4195-929E-7C670D83BBDE}.Release|Any CPU.Build.0 = Release|Any CPU
		{E223B105-E095-4195-929E-7C670D83BBDE}.Release|ARM.ActiveCfg = Release|Any CPU
		{E223B105-E095-4195-929E-7C670D83BBDE}.Release|ARM.Build.0 = Release|Any CPU
		{E223B105-E095-4195-929E-7C670D83BBDE}.Release|x64.ActiveCfg = Release|Any CPU
		{E223B105-E095-4195-929E-7C670D83BBDE}.Release|x64.Build.0 = Release|Any CPU
		{E223B105-E095-4195-929E-7C670D83BBDE}.Release|x86.ActiveCfg = Release|Any CPU
		{E223B105-E095-4195-929E-7C670D83BBDE}.Release|x86.Build.0 = Release|Any CPU
		{5E7F7ADA-1B01-43F5-9948-9B5AFBA5B5F6}.Debug|Any CPU.ActiveCfg = Debug|Any CPU
		{5E7F7ADA-1B01-43F5-9948-9B5AFBA5B5F6}.Debug|Any CPU.Build.0 = Debug|Any CPU
		{5E7F7ADA-1B01-43F5-9948-9B5AFBA5B5F6}.Debug|ARM.ActiveCfg = Debug|Any CPU
		{5E7F7ADA-1B01-43F5-9948-9B5AFBA5B5F6}.Debug|ARM.Build.0 = Debug|Any CPU
		{5E7F7ADA-1B01-43F5-9948-9B5AFBA5B5F6}.Debug|x64.ActiveCfg = Debug|Any CPU
		{5E7F7ADA-1B01-43F5-9948-9B5AFBA5B5F6}.Debug|x64.Build.0 = Debug|Any CPU
		{5E7F7ADA-1B01-43F5-9948-9B5AFBA5B5F6}.Debug|x86.ActiveCfg = Debug|Any CPU
		{5E7F7ADA-1B01-43F5-9948-9B5AFBA5B5F6}.Debug|x86.Build.0 = Debug|Any CPU
		{5E7F7ADA-1B01-43F5-9948-9B5AFBA5B5F6}.Release|Any CPU.ActiveCfg = Release|Any CPU
		{5E7F7ADA-1B01-43F5-9948-9B5AFBA5B5F6}.Release|Any CPU.Build.0 = Release|Any CPU
		{5E7F7ADA-1B01-43F5-9948-9B5AFBA5B5F6}.Release|ARM.ActiveCfg = Release|Any CPU
		{5E7F7ADA-1B01-43F5-9948-9B5AFBA5B5F6}.Release|ARM.Build.0 = Release|Any CPU
		{5E7F7ADA-1B01-43F5-9948-9B5AFBA5B5F6}.Release|x64.ActiveCfg = Release|Any CPU
		{5E7F7ADA-1B01-43F5-9948-9B5AFBA5B5F6}.Release|x64.Build.0 = Release|Any CPU
		{5E7F7ADA-1B01-43F5-9948-9B5AFBA5B5F6}.Release|x86.ActiveCfg = Release|Any CPU
		{5E7F7ADA-1B01-43F5-9948-9B5AFBA5B5F6}.Release|x86.Build.0 = Release|Any CPU
		{601340D3-347B-44DF-8F84-A2A2C5BFE245}.Debug|Any CPU.ActiveCfg = Debug|Any CPU
		{601340D3-347B-44DF-8F84-A2A2C5BFE245}.Debug|Any CPU.Build.0 = Debug|Any CPU
		{601340D3-347B-44DF-8F84-A2A2C5BFE245}.Debug|ARM.ActiveCfg = Debug|Any CPU
		{601340D3-347B-44DF-8F84-A2A2C5BFE245}.Debug|ARM.Build.0 = Debug|Any CPU
		{601340D3-347B-44DF-8F84-A2A2C5BFE245}.Debug|x64.ActiveCfg = Debug|Any CPU
		{601340D3-347B-44DF-8F84-A2A2C5BFE245}.Debug|x64.Build.0 = Debug|Any CPU
		{601340D3-347B-44DF-8F84-A2A2C5BFE245}.Debug|x86.ActiveCfg = Debug|Any CPU
		{601340D3-347B-44DF-8F84-A2A2C5BFE245}.Debug|x86.Build.0 = Debug|Any CPU
		{601340D3-347B-44DF-8F84-A2A2C5BFE245}.Release|Any CPU.ActiveCfg = Release|Any CPU
		{601340D3-347B-44DF-8F84-A2A2C5BFE245}.Release|Any CPU.Build.0 = Release|Any CPU
		{601340D3-347B-44DF-8F84-A2A2C5BFE245}.Release|ARM.ActiveCfg = Release|Any CPU
		{601340D3-347B-44DF-8F84-A2A2C5BFE245}.Release|ARM.Build.0 = Release|Any CPU
		{601340D3-347B-44DF-8F84-A2A2C5BFE245}.Release|x64.ActiveCfg = Release|Any CPU
		{601340D3-347B-44DF-8F84-A2A2C5BFE245}.Release|x64.Build.0 = Release|Any CPU
		{601340D3-347B-44DF-8F84-A2A2C5BFE245}.Release|x86.ActiveCfg = Release|Any CPU
		{601340D3-347B-44DF-8F84-A2A2C5BFE245}.Release|x86.Build.0 = Release|Any CPU
		{92043965-E408-4C49-A6A5-2BC042E75ECD}.Debug|Any CPU.ActiveCfg = Debug|Any CPU
		{92043965-E408-4C49-A6A5-2BC042E75ECD}.Debug|Any CPU.Build.0 = Debug|Any CPU
		{92043965-E408-4C49-A6A5-2BC042E75ECD}.Debug|ARM.ActiveCfg = Debug|Any CPU
		{92043965-E408-4C49-A6A5-2BC042E75ECD}.Debug|ARM.Build.0 = Debug|Any CPU
		{92043965-E408-4C49-A6A5-2BC042E75ECD}.Debug|x64.ActiveCfg = Debug|Any CPU
		{92043965-E408-4C49-A6A5-2BC042E75ECD}.Debug|x64.Build.0 = Debug|Any CPU
		{92043965-E408-4C49-A6A5-2BC042E75ECD}.Debug|x86.ActiveCfg = Debug|Any CPU
		{92043965-E408-4C49-A6A5-2BC042E75ECD}.Debug|x86.Build.0 = Debug|Any CPU
		{92043965-E408-4C49-A6A5-2BC042E75ECD}.Release|Any CPU.ActiveCfg = Release|Any CPU
		{92043965-E408-4C49-A6A5-2BC042E75ECD}.Release|Any CPU.Build.0 = Release|Any CPU
		{92043965-E408-4C49-A6A5-2BC042E75ECD}.Release|ARM.ActiveCfg = Release|Any CPU
		{92043965-E408-4C49-A6A5-2BC042E75ECD}.Release|ARM.Build.0 = Release|Any CPU
		{92043965-E408-4C49-A6A5-2BC042E75ECD}.Release|x64.ActiveCfg = Release|Any CPU
		{92043965-E408-4C49-A6A5-2BC042E75ECD}.Release|x64.Build.0 = Release|Any CPU
		{92043965-E408-4C49-A6A5-2BC042E75ECD}.Release|x86.ActiveCfg = Release|Any CPU
		{92043965-E408-4C49-A6A5-2BC042E75ECD}.Release|x86.Build.0 = Release|Any CPU
		{1AF30429-3348-41BE-9618-D0CA388B33FC}.Debug|Any CPU.ActiveCfg = Debug|Any CPU
		{1AF30429-3348-41BE-9618-D0CA388B33FC}.Debug|Any CPU.Build.0 = Debug|Any CPU
		{1AF30429-3348-41BE-9618-D0CA388B33FC}.Debug|ARM.ActiveCfg = Debug|Any CPU
		{1AF30429-3348-41BE-9618-D0CA388B33FC}.Debug|ARM.Build.0 = Debug|Any CPU
		{1AF30429-3348-41BE-9618-D0CA388B33FC}.Debug|x64.ActiveCfg = Debug|Any CPU
		{1AF30429-3348-41BE-9618-D0CA388B33FC}.Debug|x64.Build.0 = Debug|Any CPU
		{1AF30429-3348-41BE-9618-D0CA388B33FC}.Debug|x86.ActiveCfg = Debug|Any CPU
		{1AF30429-3348-41BE-9618-D0CA388B33FC}.Debug|x86.Build.0 = Debug|Any CPU
		{1AF30429-3348-41BE-9618-D0CA388B33FC}.Release|Any CPU.ActiveCfg = Release|Any CPU
		{1AF30429-3348-41BE-9618-D0CA388B33FC}.Release|Any CPU.Build.0 = Release|Any CPU
		{1AF30429-3348-41BE-9618-D0CA388B33FC}.Release|ARM.ActiveCfg = Release|Any CPU
		{1AF30429-3348-41BE-9618-D0CA388B33FC}.Release|ARM.Build.0 = Release|Any CPU
		{1AF30429-3348-41BE-9618-D0CA388B33FC}.Release|x64.ActiveCfg = Release|Any CPU
		{1AF30429-3348-41BE-9618-D0CA388B33FC}.Release|x64.Build.0 = Release|Any CPU
		{1AF30429-3348-41BE-9618-D0CA388B33FC}.Release|x86.ActiveCfg = Release|Any CPU
		{1AF30429-3348-41BE-9618-D0CA388B33FC}.Release|x86.Build.0 = Release|Any CPU
		{1E35478D-8A01-45CD-A1D1-F6E51A4A0F2B}.Debug|Any CPU.ActiveCfg = Debug|Any CPU
		{1E35478D-8A01-45CD-A1D1-F6E51A4A0F2B}.Debug|Any CPU.Build.0 = Debug|Any CPU
		{1E35478D-8A01-45CD-A1D1-F6E51A4A0F2B}.Debug|ARM.ActiveCfg = Debug|Any CPU
		{1E35478D-8A01-45CD-A1D1-F6E51A4A0F2B}.Debug|ARM.Build.0 = Debug|Any CPU
		{1E35478D-8A01-45CD-A1D1-F6E51A4A0F2B}.Debug|x64.ActiveCfg = Debug|Any CPU
		{1E35478D-8A01-45CD-A1D1-F6E51A4A0F2B}.Debug|x64.Build.0 = Debug|Any CPU
		{1E35478D-8A01-45CD-A1D1-F6E51A4A0F2B}.Debug|x86.ActiveCfg = Debug|Any CPU
		{1E35478D-8A01-45CD-A1D1-F6E51A4A0F2B}.Debug|x86.Build.0 = Debug|Any CPU
		{1E35478D-8A01-45CD-A1D1-F6E51A4A0F2B}.Release|Any CPU.ActiveCfg = Release|Any CPU
		{1E35478D-8A01-45CD-A1D1-F6E51A4A0F2B}.Release|Any CPU.Build.0 = Release|Any CPU
		{1E35478D-8A01-45CD-A1D1-F6E51A4A0F2B}.Release|ARM.ActiveCfg = Release|Any CPU
		{1E35478D-8A01-45CD-A1D1-F6E51A4A0F2B}.Release|ARM.Build.0 = Release|Any CPU
		{1E35478D-8A01-45CD-A1D1-F6E51A4A0F2B}.Release|x64.ActiveCfg = Release|Any CPU
		{1E35478D-8A01-45CD-A1D1-F6E51A4A0F2B}.Release|x64.Build.0 = Release|Any CPU
		{1E35478D-8A01-45CD-A1D1-F6E51A4A0F2B}.Release|x86.ActiveCfg = Release|Any CPU
		{1E35478D-8A01-45CD-A1D1-F6E51A4A0F2B}.Release|x86.Build.0 = Release|Any CPU
	EndGlobalSection
	GlobalSection(SolutionProperties) = preSolution
		HideSolutionNode = FALSE
	EndGlobalSection
	GlobalSection(ExtensibilityGlobals) = postSolution
		SolutionGuid = {F5E348DD-BCD5-4E40-A103-76183D9538E5}
	EndGlobalSection
EndGlobal
